PODS:
  - NJKWebViewProgress (0.2.3):
    - NJKWebViewProgress/Core
    - NJKWebViewProgress/ProgressView
  - NJKWebViewProgress/Core (0.2.3)
  - NJKWebViewProgress/ProgressView (0.2.3)
  - PAMWebBrowser (0.1.30):
    - NJKWebViewProgress
    - SAMCategories
  - SAMCategories (0.5.2)

DEPENDENCIES:
  - PAMWebBrowser (from `../`)

EXTERNAL SOURCES:
  PAMWebBrowser:
    :path: ../

SPEC CHECKSUMS:
  NJKWebViewProgress: 721b57080c840c76f70ff6c2dda4f836ee1b27c1
  PAMWebBrowser: 7dc4a5eefde4b69e5f07c22cb93b7ffe1f7bf3bb
  SAMCategories: dc26f9dc67d371d22f391ee2173bc607a887912e

COCOAPODS: 0.34.1
